
Microsoft Visual Studio Solution File, Format Version 12.00
# Visual Studio Version 17
VisualStudioVersion = 17.0.32112.339
MinimumVisualStudioVersion = 10.0.40219.1
Project("{FAE04EC0-301F-11D3-BF4B-00C04F79EFBC}") = "ConsoleApp1", "ConsoleApp1\ConsoleApp1.csproj", "{906D47F8-104E-45BD-9D4E-62C6F0243FD0}"
EndProject
Global
	GlobalSection(SolutionConfigurationPlatforms) = preSolution
		Debug|Any CPU = Debug|Any CPU
		Release|Any CPU = Release|Any CPU
	EndGlobalSection
	GlobalSection(ProjectConfigurationPlatforms) = postSolution
		{906D47F8-104E-45BD-9D4E-62C6F0243FD0}.Debug|Any CPU.ActiveCfg = Debug|Any CPU
		{906D47F8-104E-45BD-9D4E-62C6F0243FD0}.Debug|Any CPU.Build.0 = Debug|Any CPU
		{906D47F8-104E-45BD-9D4E-62C6F0243FD0}.Release|Any CPU.ActiveCfg = Release|Any CPU
		{906D47F8-104E-45BD-9D4E-62C6F0243FD0}.Release|Any CPU.Build.0 = Release|Any CPU
	EndGlobalSection
	GlobalSection(SolutionProperties) = preSolution
		HideSolutionNode = FALSE
	EndGlobalSection
	GlobalSection(ExtensibilityGlobals) = postSolution
		SolutionGuid = {286FF147-82FA-498C-9B0D-AA976F44E165}
	EndGlobalSection
EndGlobal
